
Microsoft Visual Studio Solution File, Format Version 12.00
# Visual Studio Version 17
VisualStudioVersion = 17.14.36518.9 d17.14
MinimumVisualStudioVersion = 10.0.40219.1
Project("{FAE04EC0-301F-11D3-BF4B-00C04F79EFBC}") = "ObjectDetectionSample", "ObjectDetectionSample.csproj", "{0EA6AB77-220C-9AAA-0050-992FDB0F01DC}"
EndProject
Global
	GlobalSection(SolutionConfigurationPlatforms) = preSolution
		Debug|Any CPU = Debug|Any CPU
		Release|Any CPU = Release|Any CPU
	EndGlobalSection
	GlobalSection(ProjectConfigurationPlatforms) = postSolution
		{0EA6AB77-220C-9AAA-0050-992FDB0F01DC}.Debug|Any CPU.ActiveCfg = Debug|Any CPU
		{0EA6AB77-220C-9AAA-0050-992FDB0F01DC}.Debug|Any CPU.Build.0 = Debug|Any CPU
		{0EA6AB77-220C-9AAA-0050-992FDB0F01DC}.Release|Any CPU.ActiveCfg = Release|Any CPU
		{0EA6AB77-220C-9AAA-0050-992FDB0F01DC}.Release|Any CPU.Build.0 = Release|Any CPU
	EndGlobalSection
	GlobalSection(SolutionProperties) = preSolution
		HideSolutionNode = FALSE
	EndGlobalSection
	GlobalSection(ExtensibilityGlobals) = postSolution
		SolutionGuid = {A22796CF-3824-44A4-B01E-075E76391089}
	EndGlobalSection
EndGlobal
